// !$*UTF8*$!
{
	archiveVersion = 1;
	classes = {
	};
	objectVersion = 46;
	objects = {

/* Begin PBXBuildFile section */
		8CD456411E43439400AE0FF7 /* AppDelegate.swift in Sources */ = {isa = PBXBuildFile; fileRef = 8CD456401E43439400AE0FF7 /* AppDelegate.swift */; };
		8CD456431E43439400AE0FF7 /* ViewController.swift in Sources */ = {isa = PBXBuildFile; fileRef = 8CD456421E43439400AE0FF7 /* ViewController.swift */; };
		8CD456461E43439400AE0FF7 /* Main.storyboard in Resources */ = {isa = PBXBuildFile; fileRef = 8CD456441E43439400AE0FF7 /* Main.storyboard */; };
		8CD456491E43439400AE0FF7 /* UPLOADTOGITHUB.xcdatamodeld in Sources */ = {isa = PBXBuildFile; fileRef = 8CD456471E43439400AE0FF7 /* UPLOADTOGITHUB.xcdatamodeld */; };
		8CD4564B1E43439400AE0FF7 /* Assets.xcassets in Resources */ = {isa = PBXBuildFile; fileRef = 8CD4564A1E43439400AE0FF7 /* Assets.xcassets */; };
		8CD4564E1E43439400AE0FF7 /* LaunchScreen.storyboard in Resources */ = {isa = PBXBuildFile; fileRef = 8CD4564C1E43439400AE0FF7 /* LaunchScreen.storyboard */; };
		8CD456591E43439400AE0FF7 /* UPLOADTOGITHUBTests.swift in Sources */ = {isa = PBXBuildFile; fileRef = 8CD456581E43439400AE0FF7 /* UPLOADTOGITHUBTests.swift */; };
		8CD456641E43439400AE0FF7 /* UPLOADTOGITHUBUITests.swift in Sources */ = {isa = PBXBuildFile; fileRef = 8CD456631E43439400AE0FF7 /* UPLOADTOGITHUBUITests.swift */; };
/* End PBXBuildFile section */

/* Begin PBXContainerItemProxy section */
		8CD456551E43439400AE0FF7 /* PBXContainerItemProxy */ = {
			isa = PBXContainerItemProxy;
			containerPortal = 8CD456351E43439400AE0FF7 /* Project object */;
			proxyType = 1;
			remoteGlobalIDString = 8CD4563C1E43439400AE0FF7;
			remoteInfo = UPLOADTOGITHUB;
		};
		8CD456601E43439400AE0FF7 /* PBXContainerItemProxy */ = {
			isa = PBXContainerItemProxy;
			containerPortal = 8CD456351E43439400AE0FF7 /* Project object */;
			proxyType = 1;
			remoteGlobalIDString = 8CD4563C1E43439400AE0FF7;
			remoteInfo = UPLOADTOGITHUB;
		};
/* End PBXContainerItemProxy section */

/* Begin PBXFileReference section */
		8CD4563D1E43439400AE0FF7 /* UPLOADTOGITHUB.app */ = {isa = PBXFileReference; explicitFileType = wrapper.application; includeInIndex = 0; path = UPLOADTOGITHUB.app; sourceTree = BUILT_PRODUCTS_DIR; };
		8CD456401E43439400AE0FF7 /* AppDelegate.swift */ = {isa = PBXFileReference; lastKnownFileType = sourcecode.swift; path = AppDelegate.swift; sourceTree = "<group>"; };
		8CD456421E43439400AE0FF7 /* ViewController.swift */ = {isa = PBXFileReference; lastKnownFileType = sourcecode.swift; path = ViewController.swift; sourceTree = "<group>"; };
		8CD456451E43439400AE0FF7 /* Base */ = {isa = PBXFileReference; lastKnownFileType = file.storyboard; name = Base; path = Base.lproj/Main.storyboard; sourceTree = "<group>"; };
		8CD456481E43439400AE0FF7 /* UPLOADTOGITHUB.xcdatamodel */ = {isa = PBXFileReference; lastKnownFileType = wrapper.xcdatamodel; path = UPLOADTOGITHUB.xcdatamodel; sourceTree = "<group>"; };
		8CD4564A1E43439400AE0FF7 /* Assets.xcassets */ = {isa = PBXFileReference; lastKnownFileType = folder.assetcatalog; path = Assets.xcassets; sourceTree = "<group>"; };
		8CD4564D1E43439400AE0FF7 /* Base */ = {isa = PBXFileReference; lastKnownFileType = file.storyboard; name = Base; path = Base.lproj/LaunchScreen.storyboard; sourceTree = "<group>"; };
		8CD4564F1E43439400AE0FF7 /* Info.plist */ = {isa = PBXFileReference; lastKnownFileType = text.plist.xml; path = Info.plist; sourceTree = "<group>"; };
		8CD456541E43439400AE0FF7 /* UPLOADTOGITHUBTests.xctest */ = {isa = PBXFileReference; explicitFileType = wrapper.cfbundle; includeInIndex = 0; path = UPLOADTOGITHUBTests.xctest; sourceTree = BUILT_PRODUCTS_DIR; };
		8CD456581E43439400AE0FF7 /* UPLOADTOGITHUBTests.swift */ = {isa = PBXFileReference; lastKnownFileType = sourcecode.swift; path = UPLOADTOGITHUBTests.swift; sourceTree = "<group>"; };
		8CD4565A1E43439400AE0FF7 /* Info.plist */ = {isa = PBXFileReference; lastKnownFileType = text.plist.xml; path = Info.plist; sourceTree = "<group>"; };
		8CD4565F1E43439400AE0FF7 /* UPLOADTOGITHUBUITests.xctest */ = {isa = PBXFileReference; explicitFileType = wrapper.cfbundle; includeInIndex = 0; path = UPLOADTOGITHUBUITests.xctest; sourceTree = BUILT_PRODUCTS_DIR; };
		8CD456631E43439400AE0FF7 /* UPLOADTOGITHUBUITests.swift */ = {isa = PBXFileReference; lastKnownFileType = sourcecode.swift; path = UPLOADTOGITHUBUITests.swift; sourceTree = "<group>"; };
		8CD456651E43439400AE0FF7 /* Info.plist */ = {isa = PBXFileReference; lastKnownFileType = text.plist.xml; path = Info.plist; sourceTree = "<group>"; };
/* End PBXFileReference section */

/* Begin PBXFrameworksBuildPhase section */
		8CD4563A1E43439400AE0FF7 /* Frameworks */ = {
			isa = PBXFrameworksBuildPhase;
			buildActionMask = 2147483647;
			files = (
			);
			runOnlyForDeploymentPostprocessing = 0;
		};
		8CD456511E43439400AE0FF7 /* Frameworks */ = {
			isa = PBXFrameworksBuildPhase;
			buildActionMask = 2147483647;
			files = (
			);
			runOnlyForDeploymentPostprocessing = 0;
		};
		8CD4565C1E43439400AE0FF7 /* Frameworks */ = {
			isa = PBXFrameworksBuildPhase;
			buildActionMask = 2147483647;
			files = (
			);
			runOnlyForDeploymentPostprocessing = 0;
		};
/* End PBXFrameworksBuildPhase section */

/* Begin PBXGroup section */
		8CD456341E43439400AE0FF7 = {
			isa = PBXGroup;
			children = (
				8CD4563F1E43439400AE0FF7 /* UPLOADTOGITHUB */,
				8CD456571E43439400AE0FF7 /* UPLOADTOGITHUBTests */,
				8CD456621E43439400AE0FF7 /* UPLOADTOGITHUBUITests */,
				8CD4563E1E43439400AE0FF7 /* Products */,
			);
			sourceTree = "<group>";
		};
		8CD4563E1E43439400AE0FF7 /* Products */ = {
			isa = PBXGroup;
			children = (
				8CD4563D1E43439400AE0FF7 /* UPLOADTOGITHUB.app */,
				8CD456541E43439400AE0FF7 /* UPLOADTOGITHUBTests.xctest */,
				8CD4565F1E43439400AE0FF7 /* UPLOADTOGITHUBUITests.xctest */,
			);
			name = Products;
			sourceTree = "<group>";
		};
		8CD4563F1E43439400AE0FF7 /* UPLOADTOGITHUB */ = {
			isa = PBXGroup;
			children = (
				8CD456401E43439400AE0FF7 /* AppDelegate.swift */,
				8CD456421E43439400AE0FF7 /* ViewController.swift */,
				8CD456441E43439400AE0FF7 /* Main.storyboard */,
				8CD4564A1E43439400AE0FF7 /* Assets.xcassets */,
				8CD4564C1E43439400AE0FF7 /* LaunchScreen.storyboard */,
				8CD4564F1E43439400AE0FF7 /* Info.plist */,
				8CD456471E43439400AE0FF7 /* UPLOADTOGITHUB.xcdatamodeld */,
			);
			path = UPLOADTOGITHUB;
			sourceTree = "<group>";
		};
		8CD456571E43439400AE0FF7 /* UPLOADTOGITHUBTests */ = {
			isa = PBXGroup;
			children = (
				8CD456581E43439400AE0FF7 /* UPLOADTOGITHUBTests.swift */,
				8CD4565A1E43439400AE0FF7 /* Info.plist */,
			);
			path = UPLOADTOGITHUBTests;
			sourceTree = "<group>";
		};
		8CD456621E43439400AE0FF7 /* UPLOADTOGITHUBUITests */ = {
			isa = PBXGroup;
			children = (
				8CD456631E43439400AE0FF7 /* UPLOADTOGITHUBUITests.swift */,
				8CD456651E43439400AE0FF7 /* Info.plist */,
			);
			path = UPLOADTOGITHUBUITests;
			sourceTree = "<group>";
		};
/* End PBXGroup section */

/* Begin PBXNativeTarget section */
		8CD4563C1E43439400AE0FF7 /* UPLOADTOGITHUB */ = {
			isa = PBXNativeTarget;
			buildConfigurationList = 8CD456681E43439400AE0FF7 /* Build configuration list for PBXNativeTarget "UPLOADTOGITHUB" */;
			buildPhases = (
				8CD456391E43439400AE0FF7 /* Sources */,
				8CD4563A1E43439400AE0FF7 /* Frameworks */,
				8CD4563B1E43439400AE0FF7 /* Resources */,
			);
			buildRules = (
			);
			dependencies = (
			);
			name = UPLOADTOGITHUB;
			productName = UPLOADTOGITHUB;
			productReference = 8CD4563D1E43439400AE0FF7 /* UPLOADTOGITHUB.app */;
			productType = "com.apple.product-type.application";
		};
		8CD456531E43439400AE0FF7 /* UPLOADTOGITHUBTests */ = {
			isa = PBXNativeTarget;
			buildConfigurationList = 8CD4566B1E43439400AE0FF7 /* Build configuration list for PBXNativeTarget "UPLOADTOGITHUBTests" */;
			buildPhases = (
				8CD456501E43439400AE0FF7 /* Sources */,
				8CD456511E43439400AE0FF7 /* Frameworks */,
				8CD456521E43439400AE0FF7 /* Resources */,
			);
			buildRules = (
			);
			dependencies = (
				8CD456561E43439400AE0FF7 /* PBXTargetDependency */,
			);
			name = UPLOADTOGITHUBTests;
			productName = UPLOADTOGITHUBTests;
			productReference = 8CD456541E43439400AE0FF7 /* UPLOADTOGITHUBTests.xctest */;
			productType = "com.apple.product-type.bundle.unit-test";
		};
		8CD4565E1E43439400AE0FF7 /* UPLOADTOGITHUBUITests */ = {
			isa = PBXNativeTarget;
			buildConfigurationList = 8CD4566E1E43439400AE0FF7 /* Build configuration list for PBXNativeTarget "UPLOADTOGITHUBUITests" */;
			buildPhases = (
				8CD4565B1E43439400AE0FF7 /* Sources */,
				8CD4565C1E43439400AE0FF7 /* Frameworks */,
				8CD4565D1E43439400AE0FF7 /* Resources */,
			);
			buildRules = (
			);
			dependencies = (
				8CD456611E43439400AE0FF7 /* PBXTargetDependency */,
			);
			name = UPLOADTOGITHUBUITests;
			productName = UPLOADTOGITHUBUITests;
			productReference = 8CD4565F1E43439400AE0FF7 /* UPLOADTOGITHUBUITests.xctest */;
			productType = "com.apple.product-type.bundle.ui-testing";
		};
/* End PBXNativeTarget section */

/* Begin PBXProject section */
		8CD456351E43439400AE0FF7 /* Project object */ = {
			isa = PBXProject;
			attributes = {
				LastSwiftUpdateCheck = 0730;
				LastUpgradeCheck = 0730;
				ORGANIZATIONNAME = SSS;
				TargetAttributes = {
					8CD4563C1E43439400AE0FF7 = {
						CreatedOnToolsVersion = 7.3;
					};
					8CD456531E43439400AE0FF7 = {
						CreatedOnToolsVersion = 7.3;
						TestTargetID = 8CD4563C1E43439400AE0FF7;
					};
					8CD4565E1E43439400AE0FF7 = {
						CreatedOnToolsVersion = 7.3;
						TestTargetID = 8CD4563C1E43439400AE0FF7;
					};
				};
			};
			buildConfigurationList = 8CD456381E43439400AE0FF7 /* Build configuration list for PBXProject "UPLOADTOGITHUB" */;
			compatibilityVersion = "Xcode 3.2";
			developmentRegion = English;
			hasScannedForEncodings = 0;
			knownRegions = (
				en,
				Base,
			);
			mainGroup = 8CD456341E43439400AE0FF7;
			productRefGroup = 8CD4563E1E43439400AE0FF7 /* Products */;
			projectDirPath = "";
			projectRoot = "";
			targets = (
				8CD4563C1E43439400AE0FF7 /* UPLOADTOGITHUB */,
				8CD456531E43439400AE0FF7 /* UPLOADTOGITHUBTests */,
				8CD4565E1E43439400AE0FF7 /* UPLOADTOGITHUBUITests */,
			);
		};
/* End PBXProject section */

/* Begin PBXResourcesBuildPhase section */
		8CD4563B1E43439400AE0FF7 /* Resources */ = {
			isa = PBXResourcesBuildPhase;
			buildActionMask = 2147483647;
			files = (
				8CD4564E1E43439400AE0FF7 /* LaunchScreen.storyboard in Resources */,
				8CD4564B1E43439400AE0FF7 /* Assets.xcassets in Resources */,
				8CD456461E43439400AE0FF7 /* Main.storyboard in Resources */,
			);
			runOnlyForDeploymentPostprocessing = 0;
		};
		8CD456521E43439400AE0FF7 /* Resources */ = {
			isa = PBXResourcesBuildPhase;
			buildActionMask = 2147483647;
			files = (
			);
			runOnlyForDeploymentPostprocessing = 0;
		};
		8CD4565D1E43439400AE0FF7 /* Resources */ = {
			isa = PBXResourcesBuildPhase;
			buildActionMask = 2147483647;
			files = (
			);
			runOnlyForDeploymentPostprocessing = 0;
		};
/* End PBXResourcesBuildPhase section */

/* Begin PBXSourcesBuildPhase section */
		8CD456391E43439400AE0FF7 /* Sources */ = {
			isa = PBXSourcesBuildPhase;
			buildActionMask = 2147483647;
			files = (
				8CD456491E43439400AE0FF7 /* UPLOADTOGITHUB.xcdatamodeld in Sources */,
				8CD456431E43439400AE0FF7 /* ViewController.swift in Sources */,
				8CD456411E43439400AE0FF7 /* AppDelegate.swift in Sources */,
			);
			runOnlyForDeploymentPostprocessing = 0;
		};
		8CD456501E43439400AE0FF7 /* Sources */ = {
			isa = PBXSourcesBuildPhase;
			buildActionMask = 2147483647;
			files = (
				8CD456591E43439400AE0FF7 /* UPLOADTOGITHUBTests.swift in Sources */,
			);
			runOnlyForDeploymentPostprocessing = 0;
		};
		8CD4565B1E43439400AE0FF7 /* Sources */ = {
			isa = PBXSourcesBuildPhase;
			buildActionMask = 2147483647;
			files = (
				8CD456641E43439400AE0FF7 /* UPLOADTOGITHUBUITests.swift in Sources */,
			);
			runOnlyForDeploymentPostprocessing = 0;
		};
/* End PBXSourcesBuildPhase section */

/* Begin PBXTargetDependency section */
		8CD456561E43439400AE0FF7 /* PBXTargetDependency */ = {
			isa = PBXTargetDependency;
			target = 8CD4563C1E43439400AE0FF7 /* UPLOADTOGITHUB */;
			targetProxy = 8CD456551E43439400AE0FF7 /* PBXContainerItemProxy */;
		};
		8CD456611E43439400AE0FF7 /* PBXTargetDependency */ = {
			isa = PBXTargetDependency;
			target = 8CD4563C1E43439400AE0FF7 /* UPLOADTOGITHUB */;
			targetProxy = 8CD456601E43439400AE0FF7 /* PBXContainerItemProxy */;
		};
/* End PBXTargetDependency section */

/* Begin PBXVariantGroup section */
		8CD456441E43439400AE0FF7 /* Main.storyboard */ = {
			isa = PBXVariantGroup;
			children = (
				8CD456451E43439400AE0FF7 /* Base */,
			);
			name = Main.storyboard;
			sourceTree = "<group>";
		};
		8CD4564C1E43439400AE0FF7 /* LaunchScreen.storyboard */ = {
			isa = PBXVariantGroup;
			children = (
				8CD4564D1E43439400AE0FF7 /* Base */,
			);
			name = LaunchScreen.storyboard;
			sourceTree = "<group>";
		};
/* End PBXVariantGroup section */

/* Begin XCBuildConfiguration section */
		8CD456661E43439400AE0FF7 /* Debug */ = {
			isa = XCBuildConfiguration;
			buildSettings = {
				ALWAYS_SEARCH_USER_PATHS = NO;
				CLANG_ANALYZER_NONNULL = YES;
				CLANG_CXX_LANGUAGE_STANDARD = "gnu++0x";
				CLANG_CXX_LIBRARY = "libc++";
				CLANG_ENABLE_MODULES = YES;
				CLANG_ENABLE_OBJC_ARC = YES;
				CLANG_WARN_BOOL_CONVERSION = YES;
				CLANG_WARN_CONSTANT_CONVERSION = YES;
				CLANG_WARN_DIRECT_OBJC_ISA_USAGE = YES_ERROR;
				CLANG_WARN_EMPTY_BODY = YES;
				CLANG_WARN_ENUM_CONVERSION = YES;
				CLANG_WARN_INT_CONVERSION = YES;
				CLANG_WARN_OBJC_ROOT_CLASS = YES_ERROR;
				CLANG_WARN_UNREACHABLE_CODE = YES;
				CLANG_WARN__DUPLICATE_METHOD_MATCH = YES;
				"CODE_SIGN_IDENTITY[sdk=iphoneos*]" = "iPhone Developer";
				COPY_PHASE_STRIP = NO;
				DEBUG_INFORMATION_FORMAT = dwarf;
				ENABLE_STRICT_OBJC_MSGSEND = YES;
				ENABLE_TESTABILITY = YES;
				GCC_C_LANGUAGE_STANDARD = gnu99;
				GCC_DYNAMIC_NO_PIC = NO;
				GCC_NO_COMMON_BLOCKS = YES;
				GCC_OPTIMIZATION_LEVEL = 0;
				GCC_PREPROCESSOR_DEFINITIONS = (
					"DEBUG=1",
					"$(inherited)",
				);
				GCC_WARN_64_TO_32_BIT_CONVERSION = YES;
				GCC_WARN_ABOUT_RETURN_TYPE = YES_ERROR;
				GCC_WARN_UNDECLARED_SELECTOR = YES;
				GCC_WARN_UNINITIALIZED_AUTOS = YES_AGGRESSIVE;
				GCC_WARN_UNUSED_FUNCTION = YES;
				GCC_WARN_UNUSED_VARIABLE = YES;
				IPHONEOS_DEPLOYMENT_TARGET = 9.3;
				MTL_ENABLE_DEBUG_INFO = YES;
				ONLY_ACTIVE_ARCH = YES;
				SDKROOT = iphoneos;
				SWIFT_OPTIMIZATION_LEVEL = "-Onone";
				TARGETED_DEVICE_FAMILY = "1,2";
			};
			name = Debug;
		};
		8CD456671E43439400AE0FF7 /* Release */ = {
			isa = XCBuildConfiguration;
			buildSettings = {
				ALWAYS_SEARCH_USER_PATHS = NO;
				CLANG_ANALYZER_NONNULL = YES;
				CLANG_CXX_LANGUAGE_STANDARD = "gnu++0x";
				CLANG_CXX_LIBRARY = "libc++";
				CLANG_ENABLE_MODULES = YES;
				CLANG_ENABLE_OBJC_ARC = YES;
				CLANG_WARN_BOOL_CONVERSION = YES;
				CLANG_WARN_CONSTANT_CONVERSION = YES;
				CLANG_WARN_DIRECT_OBJC_ISA_USAGE = YES_ERROR;
				CLANG_WARN_EMPTY_BODY = YES;
				CLANG_WARN_ENUM_CONVERSION = YES;
				CLANG_WARN_INT_CONVERSION = YES;
				CLANG_WARN_OBJC_ROOT_CLASS = YES_ERROR;
				CLANG_WARN_UNREACHABLE_CODE = YES;
				CLANG_WARN__DUPLICATE_METHOD_MATCH = YES;
				"CODE_SIGN_IDENTITY[sdk=iphoneos*]" = "iPhone Developer";
				COPY_PHASE_STRIP = NO;
				DEBUG_INFORMATION_FORMAT = "dwarf-with-dsym";
				ENABLE_NS_ASSERTIONS = NO;
				ENABLE_STRICT_OBJC_MSGSEND = YES;
				GCC_C_LANGUAGE_STANDARD = gnu99;
				GCC_NO_COMMON_BLOCKS = YES;
				GCC_WARN_64_TO_32_BIT_CONVERSION = YES;
				GCC_WARN_ABOUT_RETURN_TYPE = YES_ERROR;
				GCC_WARN_UNDECLARED_SELECTOR = YES;
				GCC_WARN_UNINITIALIZED_AUTOS = YES_AGGRESSIVE;
				GCC_WARN_UNUSED_FUNCTION = YES;
				GCC_WARN_UNUSED_VARIABLE = YES;
				IPHONEOS_DEPLOYMENT_TARGET = 9.3;
				MTL_ENABLE_DEBUG_INFO = NO;
				SDKROOT = iphoneos;
				TARGETED_DEVICE_FAMILY = "1,2";
				VALIDATE_PRODUCT = YES;
			};
			name = Release;
		};
		8CD456691E43439400AE0FF7 /* Debug */ = {
			isa = XCBuildConfiguration;
			buildSettings = {
				ASSETCATALOG_COMPILER_APPICON_NAME = AppIcon;
				INFOPLIST_FILE = UPLOADTOGITHUB/Info.plist;
				LD_RUNPATH_SEARCH_PATHS = "$(inherited) @executable_path/Frameworks";
				PRODUCT_BUNDLE_IDENTIFIER = com.happay.UPLOADTOGITHUB;
				PRODUCT_NAME = "$(TARGET_NAME)";
			};
			name = Debug;
		};
		8CD4566A1E43439400AE0FF7 /* Release */ = {
			isa = XCBuildConfiguration;
			buildSettings = {
				ASSETCATALOG_COMPILER_APPICON_NAME = AppIcon;
				INFOPLIST_FILE = UPLOADTOGITHUB/Info.plist;
				LD_RUNPATH_SEARCH_PATHS = "$(inherited) @executable_path/Frameworks";
				PRODUCT_BUNDLE_IDENTIFIER = com.happay.UPLOADTOGITHUB;
				PRODUCT_NAME = "$(TARGET_NAME)";
			};
			name = Release;
		};
		8CD4566C1E43439400AE0FF7 /* Debug */ = {
			isa = XCBuildConfiguration;
			buildSettings = {
				BUNDLE_LOADER = "$(TEST_HOST)";
				INFOPLIST_FILE = UPLOADTOGITHUBTests/Info.plist;
				LD_RUNPATH_SEARCH_PATHS = "$(inherited) @executable_path/Frameworks @loader_path/Frameworks";
				PRODUCT_BUNDLE_IDENTIFIER = com.happay.UPLOADTOGITHUBTests;
				PRODUCT_NAME = "$(TARGET_NAME)";
				TEST_HOST = "$(BUILT_PRODUCTS_DIR)/UPLOADTOGITHUB.app/UPLOADTOGITHUB";
			};
			name = Debug;
		};
		8CD4566D1E43439400AE0FF7 /* Release */ = {
			isa = XCBuildConfiguration;
			buildSettings = {
				BUNDLE_LOADER = "$(TEST_HOST)";
				INFOPLIST_FILE = UPLOADTOGITHUBTests/Info.plist;
				LD_RUNPATH_SEARCH_PATHS = "$(inherited) @executable_path/Frameworks @loader_path/Frameworks";
				PRODUCT_BUNDLE_IDENTIFIER = com.happay.UPLOADTOGITHUBTests;
				PRODUCT_NAME = "$(TARGET_NAME)";
				TEST_HOST = "$(BUILT_PRODUCTS_DIR)/UPLOADTOGITHUB.app/UPLOADTOGITHUB";
			};
			name = Release;
		};
		8CD4566F1E43439400AE0FF7 /* Debug */ = {
			isa = XCBuildConfiguration;
			buildSettings = {
				INFOPLIST_FILE = UPLOADTOGITHUBUITests/Info.plist;
				LD_RUNPATH_SEARCH_PATHS = "$(inherited) @executable_path/Frameworks @loader_path/Frameworks";
				PRODUCT_BUNDLE_IDENTIFIER = com.happay.UPLOADTOGITHUBUITests;
				PRODUCT_NAME = "$(TARGET_NAME)";
				TEST_TARGET_NAME = UPLOADTOGITHUB;
			};
			name = Debug;
		};
		8CD456701E43439400AE0FF7 /* Release */ = {
			isa = XCBuildConfiguration;
			buildSettings = {
				INFOPLIST_FILE = UPLOADTOGITHUBUITests/Info.plist;
				LD_RUNPATH_SEARCH_PATHS = "$(inherited) @executable_path/Frameworks @loader_path/Frameworks";
				PRODUCT_BUNDLE_IDENTIFIER = com.happay.UPLOADTOGITHUBUITests;
				PRODUCT_NAME = "$(TARGET_NAME)";
				TEST_TARGET_NAME = UPLOADTOGITHUB;
			};
			name = Release;
		};
/* End XCBuildConfiguration section */

/* Begin XCConfigurationList section */
		8CD456381E43439400AE0FF7 /* Build configuration list for PBXProject "UPLOADTOGITHUB" */ = {
			isa = XCConfigurationList;
			buildConfigurations = (
				8CD456661E43439400AE0FF7 /* Debug */,
				8CD456671E43439400AE0FF7 /* Release */,
			);
			defaultConfigurationIsVisible = 0;
			defaultConfigurationName = Release;
		};
		8CD456681E43439400AE0FF7 /* Build configuration list for PBXNativeTarget "UPLOADTOGITHUB" */ = {
			isa = XCConfigurationList;
			buildConfigurations = (
				8CD456691E43439400AE0FF7 /* Debug */,
				8CD4566A1E43439400AE0FF7 /* Release */,
			);
			defaultConfigurationIsVisible = 0;
		};
		8CD4566B1E43439400AE0FF7 /* Build configuration list for PBXNativeTarget "UPLOADTOGITHUBTests" */ = {
			isa = XCConfigurationList;
			buildConfigurations = (
				8CD4566C1E43439400AE0FF7 /* Debug */,
				8CD4566D1E43439400AE0FF7 /* Release */,
			);
			defaultConfigurationIsVisible = 0;
		};
		8CD4566E1E43439400AE0FF7 /* Build configuration list for PBXNativeTarget "UPLOADTOGITHUBUITests" */ = {
			isa = XCConfigurationList;
			buildConfigurations = (
				8CD4566F1E43439400AE0FF7 /* Debug */,
				8CD456701E43439400AE0FF7 /* Release */,
			);
			defaultConfigurationIsVisible = 0;
		};
/* End XCConfigurationList section */

/* Begin XCVersionGroup section */
		8CD456471E43439400AE0FF7 /* UPLOADTOGITHUB.xcdatamodeld */ = {
			isa = XCVersionGroup;
			children = (
				8CD456481E43439400AE0FF7 /* UPLOADTOGITHUB.xcdatamodel */,
			);
			currentVersion = 8CD456481E43439400AE0FF7 /* UPLOADTOGITHUB.xcdatamodel */;
			path = UPLOADTOGITHUB.xcdatamodeld;
			sourceTree = "<group>";
			versionGroupType = wrapper.xcdatamodel;
		};
/* End XCVersionGroup section */
	};
	rootObject = 8CD456351E43439400AE0FF7 /* Project object */;
}
